
Microsoft Visual Studio Solution File, Format Version 12.00
# Visual Studio Version 17
VisualStudioVersion = 17.0.32112.339
MinimumVisualStudioVersion = 10.0.40219.1
Project("{FAE04EC0-301F-11D3-BF4B-00C04F79EFBC}") = "OOP", "OOP\OOP.csproj", "{AB1AAF0E-D3C0-404C-8CCC-6F49DFA5B98D}"
EndProject
Global
	GlobalSection(SolutionConfigurationPlatforms) = preSolution
		Debug|Any CPU = Debug|Any CPU
		Release|Any CPU = Release|Any CPU
	EndGlobalSection
	GlobalSection(ProjectConfigurationPlatforms) = postSolution
		{AB1AAF0E-D3C0-404C-8CCC-6F49DFA5B98D}.Debug|Any CPU.ActiveCfg = Debug|Any CPU
		{AB1AAF0E-D3C0-404C-8CCC-6F49DFA5B98D}.Debug|Any CPU.Build.0 = Debug|Any CPU
		{AB1AAF0E-D3C0-404C-8CCC-6F49DFA5B98D}.Release|Any CPU.ActiveCfg = Release|Any CPU
		{AB1AAF0E-D3C0-404C-8CCC-6F49DFA5B98D}.Release|Any CPU.Build.0 = Release|Any CPU
	EndGlobalSection
	GlobalSection(SolutionProperties) = preSolution
		HideSolutionNode = FALSE
	EndGlobalSection
	GlobalSection(ExtensibilityGlobals) = postSolution
		SolutionGuid = {37507405-694B-4681-862B-E1411C58419B}
	EndGlobalSection
EndGlobal
